
Microsoft Visual Studio Solution File, Format Version 12.00
# Visual Studio Version 16
VisualStudioVersion = 16.0.32002.261
MinimumVisualStudioVersion = 10.0.40219.1
Project("{FAE04EC0-301F-11D3-BF4B-00C04F79EFBC}") = "TryOnlineShop", "TryOnlineShop.csproj", "{B55958EB-B439-418E-AFCC-AAF2933E1110}"
EndProject
Global
	GlobalSection(SolutionConfigurationPlatforms) = preSolution
		Debug|Any CPU = Debug|Any CPU
		Release|Any CPU = Release|Any CPU
	EndGlobalSection
	GlobalSection(ProjectConfigurationPlatforms) = postSolution
		{B55958EB-B439-418E-AFCC-AAF2933E1110}.Debug|Any CPU.ActiveCfg = Debug|Any CPU
		{B55958EB-B439-418E-AFCC-AAF2933E1110}.Debug|Any CPU.Build.0 = Debug|Any CPU
		{B55958EB-B439-418E-AFCC-AAF2933E1110}.Release|Any CPU.ActiveCfg = Release|Any CPU
		{B55958EB-B439-418E-AFCC-AAF2933E1110}.Release|Any CPU.Build.0 = Release|Any CPU
	EndGlobalSection
	GlobalSection(SolutionProperties) = preSolution
		HideSolutionNode = FALSE
	EndGlobalSection
	GlobalSection(ExtensibilityGlobals) = postSolution
		SolutionGuid = {2029918F-FB69-4D65-ACAC-06B578B9A8EF}
	EndGlobalSection
EndGlobal
